github.com/anchore/go-lzo v0.1.1 h1:IwL/fvkdtlIrYIXck6WxZ3nb8WjjHziYYmGxlooyOnM=
github.com/anchore/go-lzo v0.1.1/go.mod h1:3kLx0bve2oN1iDwgM1U5zGku1Tfbdb0No5qp1eL1fIk=
github.com/go-filesystems/interface v0.3.0 h1:cV4+2mvW1eCPyde+KIDRaGuIPAcr2sDgKrxGuGQr98k=
github.com/go-filesystems/interface v0.3.0/go.mod h1:9MDfHNNKg9cW1qBa3hmURQj4jiWIdTo9Xpgdt8ZzvV8=
github.com/go-volumes/safeio v0.0.0-20260831125406-d8f54b2890d4 h1:RKO58FmZvbvKh6wf+7Y8gohGJ0/2hq4N8L+x2kT9bak=
github.com/go-volumes/safeio v0.0.0-20260831125406-d8f54b2890d4/go.mod h1:QQdGwEUmPSdzD+OPq+ZcKso9ljssqgBXNk0/9z7moho=
github.com/klauspost/compress v1.20.1 h1:T7kKElXUMXrUJ2E9QhQhxFtcK5rPyLdsGZvdbLMPdiQ=
github.com/klauspost/compress v1.20.1/go.mod h1:LUdAzn7YLVvxLpc7y3V1m40wESHTgc1422pwwBSKYuI=
github.com/pierrec/lz4/v4 v4.1.30 h1:cchX8N2DVP668WkElI9QMwVyoNabLkq1LofDHFeIrdg=
github.com/pierrec/lz4/v4 v4.1.30/go.mod h1:EoQMVJgeeEOMsCqCzqFm2O0cJvljX2nGZjcRIPL34O4=
github.com/ulikunitz/xz v0.5.17 h1:flR0y/x1hgM8EGV1AW3Xll6T413G0glV8UfBwR617V4=
github.com/ulikunitz/xz v0.5.17/go.mod h1:H9Rt/W6/Qj27PGauhQc6nfCDy7vHpzsOThBSaYDoEhw=
